// !$*UTF8*$!
{
	archiveVersion = 1;
	classes = {
	};
	objectVersion = 46;
	objects = {

/* Begin PBXBuildFile section */
		63C193CD1560336A00EB3D19 /* UIKit.framework in Frameworks */ = {isa = PBXBuildFile; fileRef = 63C193CC1560336A00EB3D19 /* UIKit.framework */; };
		63C193CF1560336A00EB3D19 /* Foundation.framework in Frameworks */ = {isa = PBXBuildFile; fileRef = 63C193CE1560336A00EB3D19 /* Foundation.framework */; };
		63C193D11560336A00EB3D19 /* CoreGraphics.framework in Frameworks */ = {isa = PBXBuildFile; fileRef = 63C193D01560336A00EB3D19 /* CoreGraphics.framework */; };
		63C193D71560336A00EB3D19 /* InfoPlist.strings in Resources */ = {isa = PBXBuildFile; fileRef = 63C193D51560336A00EB3D19 /* InfoPlist.strings */; };
		63C193D91560336A00EB3D19 /* main.m in Sources */ = {isa = PBXBuildFile; fileRef = 63C193D81560336A00EB3D19 /* main.m */; };
		63C193DD1560336A00EB3D19 /* AppDelegate.m in Sources */ = {isa = PBXBuildFile; fileRef = 63C193DC1560336A00EB3D19 /* AppDelegate.m */; };
		63C193E01560336A00EB3D19 /* MainStoryboard.storyboard in Resources */ = {isa = PBXBuildFile; fileRef = 63C193DE1560336A00EB3D19 /* MainStoryboard.storyboard */; };
		63C193E31560336A00EB3D19 /* ViewController.m in Sources */ = {isa = PBXBuildFile; fileRef = 63C193E21560336A00EB3D19 /* ViewController.m */; };
		63C193F01560339C00EB3D19 /* NiftySearchView.m in Sources */ = {isa = PBXBuildFile; fileRef = 63C193EF1560339C00EB3D19 /* NiftySearchView.m */; };
		63C193F21560356B00EB3D19 /* QuartzCore.framework in Frameworks */ = {isa = PBXBuildFile; fileRef = 63C193F11560356B00EB3D19 /* QuartzCore.framework */; };
		63C193F7156035D900EB3D19 /* UISearchBarBookmarks.png in Resources */ = {isa = PBXBuildFile; fileRef = 63C193F3156035D800EB3D19 /* UISearchBarBookmarks.png */; };
		63C193F8156035D900EB3D19 /* UISearchBarBookmarks@2x.png in Resources */ = {isa = PBXBuildFile; fileRef = 63C193F4156035D800EB3D19 /* UISearchBarBookmarks@2x.png */; };
		63C193F9156035D900EB3D19 /* UISearchBarBookmarksPressed.png in Resources */ = {isa = PBXBuildFile; fileRef = 63C193F5156035D800EB3D19 /* UISearchBarBookmarksPressed.png */; };
		63C193FA156035D900EB3D19 /* UISearchBarBookmarksPressed@2x.png in Resources */ = {isa = PBXBuildFile; fileRef = 63C193F6156035D800EB3D19 /* UISearchBarBookmarksPressed@2x.png */; };
/* End PBXBuildFile section */

/* Begin PBXFileReference section */
		63C193C81560336A00EB3D19 /* NiftySearchView.app */ = {isa = PBXFileReference; explicitFileType = wrapper.application; includeInIndex = 0; path = NiftySearchView.app; sourceTree = BUILT_PRODUCTS_DIR; };
		63C193CC1560336A00EB3D19 /* UIKit.framework */ = {isa = PBXFileReference; lastKnownFileType = wrapper.framework; name = UIKit.framework; path = System/Library/Frameworks/UIKit.framework; sourceTree = SDKROOT; };
		63C193CE1560336A00EB3D19 /* Foundation.framework */ = {isa = PBXFileReference; lastKnownFileType = wrapper.framework; name = Foundation.framework; path = System/Library/Frameworks/Foundation.framework; sourceTree = SDKROOT; };
		63C193D01560336A00EB3D19 /* CoreGraphics.framework */ = {isa = PBXFileReference; lastKnownFileType = wrapper.framework; name = CoreGraphics.framework; path = System/Library/Frameworks/CoreGraphics.framework; sourceTree = SDKROOT; };
		63C193D41560336A00EB3D19 /* NiftySearchView-Info.plist */ = {isa = PBXFileReference; lastKnownFileType = text.plist.xml; path = "NiftySearchView-Info.plist"; sourceTree = "<group>"; };
		63C193D61560336A00EB3D19 /* en */ = {isa = PBXFileReference; lastKnownFileType = text.plist.strings; name = en; path = en.lproj/InfoPlist.strings; sourceTree = "<group>"; };
		63C193D81560336A00EB3D19 /* main.m */ = {isa = PBXFileReference; lastKnownFileType = sourcecode.c.objc; path = main.m; sourceTree = "<group>"; };
		63C193DA1560336A00EB3D19 /* NiftySearchView-Prefix.pch */ = {isa = PBXFileReference; lastKnownFileType = sourcecode.c.h; path = "NiftySearchView-Prefix.pch"; sourceTree = "<group>"; };
		63C193DB1560336A00EB3D19 /* AppDelegate.h */ = {isa = PBXFileReference; lastKnownFileType = sourcecode.c.h; path = AppDelegate.h; sourceTree = "<group>"; };
		63C193DC1560336A00EB3D19 /* AppDelegate.m */ = {isa = PBXFileReference; lastKnownFileType = sourcecode.c.objc; path = AppDelegate.m; sourceTree = "<group>"; };
		63C193DF1560336A00EB3D19 /* en */ = {isa = PBXFileReference; lastKnownFileType = file.storyboard; name = en; path = en.lproj/MainStoryboard.storyboard; sourceTree = "<group>"; };
		63C193E11560336A00EB3D19 /* ViewController.h */ = {isa = PBXFileReference; lastKnownFileType = sourcecode.c.h; path = ViewController.h; sourceTree = "<group>"; };
		63C193E21560336A00EB3D19 /* ViewController.m */ = {isa = PBXFileReference; lastKnownFileType = sourcecode.c.objc; path = ViewController.m; sourceTree = "<group>"; };
		63C193EE1560339C00EB3D19 /* NiftySearchView.h */ = {isa = PBXFileReference; fileEncoding = 4; lastKnownFileType = sourcecode.c.h; path = NiftySearchView.h; sourceTree = "<group>"; };
		63C193EF1560339C00EB3D19 /* NiftySearchView.m */ = {isa = PBXFileReference; fileEncoding = 4; lastKnownFileType = sourcecode.c.objc; path = NiftySearchView.m; sourceTree = "<group>"; };
		63C193F11560356B00EB3D19 /* QuartzCore.framework */ = {isa = PBXFileReference; lastKnownFileType = wrapper.framework; name = QuartzCore.framework; path = System/Library/Frameworks/QuartzCore.framework; sourceTree = SDKROOT; };
		63C193F3156035D800EB3D19 /* UISearchBarBookmarks.png */ = {isa = PBXFileReference; lastKnownFileType = image.png; path = UISearchBarBookmarks.png; sourceTree = "<group>"; };
		63C193F4156035D800EB3D19 /* UISearchBarBookmarks@2x.png */ = {isa = PBXFileReference; lastKnownFileType = image.png; path = "UISearchBarBookmarks@2x.png"; sourceTree = "<group>"; };
		63C193F5156035D800EB3D19 /* UISearchBarBookmarksPressed.png */ = {isa = PBXFileReference; lastKnownFileType = image.png; path = UISearchBarBookmarksPressed.png; sourceTree = "<group>"; };
		63C193F6156035D800EB3D19 /* UISearchBarBookmarksPressed@2x.png */ = {isa = PBXFileReference; lastKnownFileType = image.png; path = "UISearchBarBookmarksPressed@2x.png"; sourceTree = "<group>"; };
/* End PBXFileReference section */

/* Begin PBXFrameworksBuildPhase section */
		63C193C51560336A00EB3D19 /* Frameworks */ = {
			isa = PBXFrameworksBuildPhase;
			buildActionMask = 2147483647;
			files = (
				63C193F21560356B00EB3D19 /* QuartzCore.framework in Frameworks */,
				63C193CD1560336A00EB3D19 /* UIKit.framework in Frameworks */,
				63C193CF1560336A00EB3D19 /* Foundation.framework in Frameworks */,
				63C193D11560336A00EB3D19 /* CoreGraphics.framework in Frameworks */,
			);
			runOnlyForDeploymentPostprocessing = 0;
		};
/* End PBXFrameworksBuildPhase section */

/* Begin PBXGroup section */
		63C193BD1560336A00EB3D19 = {
			isa = PBXGroup;
			children = (
				63C193F11560356B00EB3D19 /* QuartzCore.framework */,
				63C193D21560336A00EB3D19 /* NiftySearchView */,
				63C193CB1560336A00EB3D19 /* Frameworks */,
				63C193C91560336A00EB3D19 /* Products */,
			);
			sourceTree = "<group>";
		};
		63C193C91560336A00EB3D19 /* Products */ = {
			isa = PBXGroup;
			children = (
				63C193C81560336A00EB3D19 /* NiftySearchView.app */,
			);
			name = Products;
			sourceTree = "<group>";
		};
		63C193CB1560336A00EB3D19 /* Frameworks */ = {
			isa = PBXGroup;
			children = (
				63C193CC1560336A00EB3D19 /* UIKit.framework */,
				63C193CE1560336A00EB3D19 /* Foundation.framework */,
				63C193D01560336A00EB3D19 /* CoreGraphics.framework */,
			);
			name = Frameworks;
			sourceTree = "<group>";
		};
		63C193D21560336A00EB3D19 /* NiftySearchView */ = {
			isa = PBXGroup;
			children = (
				63C193F3156035D800EB3D19 /* UISearchBarBookmarks.png */,
				63C193F4156035D800EB3D19 /* UISearchBarBookmarks@2x.png */,
				63C193F5156035D800EB3D19 /* UISearchBarBookmarksPressed.png */,
				63C193F6156035D800EB3D19 /* UISearchBarBookmarksPressed@2x.png */,
				63C193EE1560339C00EB3D19 /* NiftySearchView.h */,
				63C193EF1560339C00EB3D19 /* NiftySearchView.m */,
				63C193DB1560336A00EB3D19 /* AppDelegate.h */,
				63C193DC1560336A00EB3D19 /* AppDelegate.m */,
				63C193DE1560336A00EB3D19 /* MainStoryboard.storyboard */,
				63C193E11560336A00EB3D19 /* ViewController.h */,
				63C193E21560336A00EB3D19 /* ViewController.m */,
				63C193D31560336A00EB3D19 /* Supporting Files */,
			);
			path = NiftySearchView;
			sourceTree = "<group>";
		};
		63C193D31560336A00EB3D19 /* Supporting Files */ = {
			isa = PBXGroup;
			children = (
				63C193D41560336A00EB3D19 /* NiftySearchView-Info.plist */,
				63C193D51560336A00EB3D19 /* InfoPlist.strings */,
				63C193D81560336A00EB3D19 /* main.m */,
				63C193DA1560336A00EB3D19 /* NiftySearchView-Prefix.pch */,
			);
			name = "Supporting Files";
			sourceTree = "<group>";
		};
/* End PBXGroup section */

/* Begin PBXNativeTarget section */
		63C193C71560336A00EB3D19 /* NiftySearchView */ = {
			isa = PBXNativeTarget;
			buildConfigurationList = 63C193E61560336A00EB3D19 /* Build configuration list for PBXNativeTarget "NiftySearchView" */;
			buildPhases = (
				63C193C41560336A00EB3D19 /* Sources */,
				63C193C51560336A00EB3D19 /* Frameworks */,
				63C193C61560336A00EB3D19 /* Resources */,
			);
			buildRules = (
			);
			dependencies = (
			);
			name = NiftySearchView;
			productName = NiftySearchView;
			productReference = 63C193C81560336A00EB3D19 /* NiftySearchView.app */;
			productType = "com.apple.product-type.application";
		};
/* End PBXNativeTarget section */

/* Begin PBXProject section */
		63C193BF1560336A00EB3D19 /* Project object */ = {
			isa = PBXProject;
			attributes = {
				LastUpgradeCheck = 0430;
			};
			buildConfigurationList = 63C193C21560336A00EB3D19 /* Build configuration list for PBXProject "NiftySearchView" */;
			compatibilityVersion = "Xcode 3.2";
			developmentRegion = English;
			hasScannedForEncodings = 0;
			knownRegions = (
				en,
			);
			mainGroup = 63C193BD1560336A00EB3D19;
			productRefGroup = 63C193C91560336A00EB3D19 /* Products */;
			projectDirPath = "";
			projectRoot = "";
			targets = (
				63C193C71560336A00EB3D19 /* NiftySearchView */,
			);
		};
/* End PBXProject section */

/* Begin PBXResourcesBuildPhase section */
		63C193C61560336A00EB3D19 /* Resources */ = {
			isa = PBXResourcesBuildPhase;
			buildActionMask = 2147483647;
			files = (
				63C193D71560336A00EB3D19 /* InfoPlist.strings in Resources */,
				63C193E01560336A00EB3D19 /* MainStoryboard.storyboard in Resources */,
				63C193F7156035D900EB3D19 /* UISearchBarBookmarks.png in Resources */,
				63C193F8156035D900EB3D19 /* UISearchBarBookmarks@2x.png in Resources */,
				63C193F9156035D900EB3D19 /* UISearchBarBookmarksPressed.png in Resources */,
				63C193FA156035D900EB3D19 /* UISearchBarBookmarksPressed@2x.png in Resources */,
			);
			runOnlyForDeploymentPostprocessing = 0;
		};
/* End PBXResourcesBuildPhase section */

/* Begin PBXSourcesBuildPhase section */
		63C193C41560336A00EB3D19 /* Sources */ = {
			isa = PBXSourcesBuildPhase;
			buildActionMask = 2147483647;
			files = (
				63C193D91560336A00EB3D19 /* main.m in Sources */,
				63C193DD1560336A00EB3D19 /* AppDelegate.m in Sources */,
				63C193E31560336A00EB3D19 /* ViewController.m in Sources */,
				63C193F01560339C00EB3D19 /* NiftySearchView.m in Sources */,
			);
			runOnlyForDeploymentPostprocessing = 0;
		};
/* End PBXSourcesBuildPhase section */

/* Begin PBXVariantGroup section */
		63C193D51560336A00EB3D19 /* InfoPlist.strings */ = {
			isa = PBXVariantGroup;
			children = (
				63C193D61560336A00EB3D19 /* en */,
			);
			name = InfoPlist.strings;
			sourceTree = "<group>";
		};
		63C193DE1560336A00EB3D19 /* MainStoryboard.storyboard */ = {
			isa = PBXVariantGroup;
			children = (
				63C193DF1560336A00EB3D19 /* en */,
			);
			name = MainStoryboard.storyboard;
			sourceTree = "<group>";
		};
/* End PBXVariantGroup section */

/* Begin XCBuildConfiguration section */
		63C193E41560336A00EB3D19 /* Debug */ = {
			isa = XCBuildConfiguration;
			buildSettings = {
				ALWAYS_SEARCH_USER_PATHS = NO;
				ARCHS = "$(ARCHS_STANDARD_32_BIT)";
				CLANG_ENABLE_OBJC_ARC = YES;
				"CODE_SIGN_IDENTITY[sdk=iphoneos*]" = "iPhone Developer";
				COPY_PHASE_STRIP = NO;
				GCC_C_LANGUAGE_STANDARD = gnu99;
				GCC_DYNAMIC_NO_PIC = NO;
				GCC_OPTIMIZATION_LEVEL = 0;
				GCC_PREPROCESSOR_DEFINITIONS = (
					"DEBUG=1",
					"$(inherited)",
				);
				GCC_SYMBOLS_PRIVATE_EXTERN = NO;
				GCC_VERSION = com.apple.compilers.llvm.clang.1_0;
				GCC_WARN_ABOUT_RETURN_TYPE = YES;
				GCC_WARN_UNINITIALIZED_AUTOS = YES;
				GCC_WARN_UNUSED_VARIABLE = YES;
				IPHONEOS_DEPLOYMENT_TARGET = 5.1;
				SDKROOT = iphoneos;
			};
			name = Debug;
		};
		63C193E51560336A00EB3D19 /* Release */ = {
			isa = XCBuildConfiguration;
			buildSettings = {
				ALWAYS_SEARCH_USER_PATHS = NO;
				ARCHS = "$(ARCHS_STANDARD_32_BIT)";
				CLANG_ENABLE_OBJC_ARC = YES;
				"CODE_SIGN_IDENTITY[sdk=iphoneos*]" = "iPhone Developer";
				COPY_PHASE_STRIP = YES;
				GCC_C_LANGUAGE_STANDARD = gnu99;
				GCC_VERSION = com.apple.compilers.llvm.clang.1_0;
				GCC_WARN_ABOUT_RETURN_TYPE = YES;
				GCC_WARN_UNINITIALIZED_AUTOS = YES;
				GCC_WARN_UNUSED_VARIABLE = YES;
				IPHONEOS_DEPLOYMENT_TARGET = 5.1;
				OTHER_CFLAGS = "-DNS_BLOCK_ASSERTIONS=1";
				SDKROOT = iphoneos;
				VALIDATE_PRODUCT = YES;
			};
			name = Release;
		};
		63C193E71560336A00EB3D19 /* Debug */ = {
			isa = XCBuildConfiguration;
			buildSettings = {
				GCC_PRECOMPILE_PREFIX_HEADER = YES;
				GCC_PREFIX_HEADER = "NiftySearchView/NiftySearchView-Prefix.pch";
				INFOPLIST_FILE = "NiftySearchView/NiftySearchView-Info.plist";
				PRODUCT_NAME = "$(TARGET_NAME)";
				WRAPPER_EXTENSION = app;
			};
			name = Debug;
		};
		63C193E81560336A00EB3D19 /* Release */ = {
			isa = XCBuildConfiguration;
			buildSettings = {
				GCC_PRECOMPILE_PREFIX_HEADER = YES;
				GCC_PREFIX_HEADER = "NiftySearchView/NiftySearchView-Prefix.pch";
				INFOPLIST_FILE = "NiftySearchView/NiftySearchView-Info.plist";
				PRODUCT_NAME = "$(TARGET_NAME)";
				WRAPPER_EXTENSION = app;
			};
			name = Release;
		};
/* End XCBuildConfiguration section */

/* Begin XCConfigurationList section */
		63C193C21560336A00EB3D19 /* Build configuration list for PBXProject "NiftySearchView" */ = {
			isa = XCConfigurationList;
			buildConfigurations = (
				63C193E41560336A00EB3D19 /* Debug */,
				63C193E51560336A00EB3D19 /* Release */,
			);
			defaultConfigurationIsVisible = 0;
			defaultConfigurationName = Release;
		};
		63C193E61560336A00EB3D19 /* Build configuration list for PBXNativeTarget "NiftySearchView" */ = {
			isa = XCConfigurationList;
			buildConfigurations = (
				63C193E71560336A00EB3D19 /* Debug */,
				63C193E81560336A00EB3D19 /* Release */,
			);
			defaultConfigurationIsVisible = 0;
			defaultConfigurationName = Release;
		};
/* End XCConfigurationList section */
	};
	rootObject = 63C193BF1560336A00EB3D19 /* Project object */;
}
